
Microsoft Visual Studio Solution File, Format Version 12.00
# Visual Studio Version 16
VisualStudioVersion = 16.0.31515.178
MinimumVisualStudioVersion = 10.0.40219.1
Project("{FAE04EC0-301F-11D3-BF4B-00C04F79EFBC}") = "WebAPI", "WebAPI.csproj", "{D2A47B42-C7DB-4780-9332-3854C9476532}"
EndProject
Project("{FAE04EC0-301F-11D3-BF4B-00C04F79EFBC}") = "CustomIdentity", "..\CustomIdentity\CustomIdentity.csproj", "{22ABE0D6-7B06-4225-A197-3FD96CB5234D}"
EndProject
Project("{FAE04EC0-301F-11D3-BF4B-00C04F79EFBC}") = "BL", "..\BL\BL.csproj", "{050112F5-4EBD-472C-AEFA-46FEA5165E73}"
EndProject
Project("{FAE04EC0-301F-11D3-BF4B-00C04F79EFBC}") = "DAL", "..\DAL\DAL.csproj", "{8E839733-3C21-47ED-BDF9-5B2AA9DB2423}"
EndProject
Project("{FAE04EC0-301F-11D3-BF4B-00C04F79EFBC}") = "CustomModel", "..\CustomModel\CustomModel.csproj", "{FE60F62B-D8CB-4BC9-804E-60852FA122BB}"
EndProject
Global
	GlobalSection(SolutionConfigurationPlatforms) = preSolution
		Debug|Any CPU = Debug|Any CPU
		Release|Any CPU = Release|Any CPU
	EndGlobalSection
	GlobalSection(ProjectConfigurationPlatforms) = postSolution
		{D2A47B42-C7DB-4780-9332-3854C9476532}.Debug|Any CPU.ActiveCfg = Debug|Any CPU
		{D2A47B42-C7DB-4780-9332-3854C9476532}.Debug|Any CPU.Build.0 = Debug|Any CPU
		{D2A47B42-C7DB-4780-9332-3854C9476532}.Release|Any CPU.ActiveCfg = Release|Any CPU
		{D2A47B42-C7DB-4780-9332-3854C9476532}.Release|Any CPU.Build.0 = Release|Any CPU
		{22ABE0D6-7B06-4225-A197-3FD96CB5234D}.Debug|Any CPU.ActiveCfg = Debug|Any CPU
		{22ABE0D6-7B06-4225-A197-3FD96CB5234D}.Debug|Any CPU.Build.0 = Debug|Any CPU
		{22ABE0D6-7B06-4225-A197-3FD96CB5234D}.Release|Any CPU.ActiveCfg = Release|Any CPU
		{22ABE0D6-7B06-4225-A197-3FD96CB5234D}.Release|Any CPU.Build.0 = Release|Any CPU
		{050112F5-4EBD-472C-AEFA-46FEA5165E73}.Debug|Any CPU.ActiveCfg = Debug|Any CPU
		{050112F5-4EBD-472C-AEFA-46FEA5165E73}.Debug|Any CPU.Build.0 = Debug|Any CPU
		{050112F5-4EBD-472C-AEFA-46FEA5165E73}.Release|Any CPU.ActiveCfg = Release|Any CPU
		{050112F5-4EBD-472C-AEFA-46FEA5165E73}.Release|Any CPU.Build.0 = Release|Any CPU
		{8E839733-3C21-47ED-BDF9-5B2AA9DB2423}.Debug|Any CPU.ActiveCfg = Debug|Any CPU
		{8E839733-3C21-47ED-BDF9-5B2AA9DB2423}.Debug|Any CPU.Build.0 = Debug|Any CPU
		{8E839733-3C21-47ED-BDF9-5B2AA9DB2423}.Release|Any CPU.ActiveCfg = Release|Any CPU
		{8E839733-3C21-47ED-BDF9-5B2AA9DB2423}.Release|Any CPU.Build.0 = Release|Any CPU
		{FE60F62B-D8CB-4BC9-804E-60852FA122BB}.Debug|Any CPU.ActiveCfg = Debug|Any CPU
		{FE60F62B-D8CB-4BC9-804E-60852FA122BB}.Debug|Any CPU.Build.0 = Debug|Any CPU
		{FE60F62B-D8CB-4BC9-804E-60852FA122BB}.Release|Any CPU.ActiveCfg = Release|Any CPU
		{FE60F62B-D8CB-4BC9-804E-60852FA122BB}.Release|Any CPU.Build.0 = Release|Any CPU
	EndGlobalSection
	GlobalSection(SolutionProperties) = preSolution
		HideSolutionNode = FALSE
	EndGlobalSection
	GlobalSection(ExtensibilityGlobals) = postSolution
		SolutionGuid = {3FB1BF05-BDD4-4DC3-B835-0A907029FC2C}
	EndGlobalSection
EndGlobal
